// !$*UTF8*$!
{
	archiveVersion = 1;
	classes = {
	};
	objectVersion = 46;
	objects = {

/* Begin PBXBuildFile section */
		2709A3A61A653F4200925630 /* AppDelegate.swift in Sources */ = {isa = PBXBuildFile; fileRef = 2709A3A51A653F4200925630 /* AppDelegate.swift */; };
		2709A3AD1A653F4200925630 /* Images.xcassets in Resources */ = {isa = PBXBuildFile; fileRef = 2709A3AC1A653F4200925630 /* Images.xcassets */; };
		2709A3B01A653F4200925630 /* LaunchScreen.xib in Resources */ = {isa = PBXBuildFile; fileRef = 2709A3AE1A653F4200925630 /* LaunchScreen.xib */; };
		2709A3CA1A653F6D00925630 /* Apple.swift in Sources */ = {isa = PBXBuildFile; fileRef = 2709A3C51A653F6D00925630 /* Apple.swift */; };
		2709A3CB1A653F6D00925630 /* Snake.swift in Sources */ = {isa = PBXBuildFile; fileRef = 2709A3C61A653F6D00925630 /* Snake.swift */; };
		2709A3CC1A653F6D00925630 /* ViewController.swift in Sources */ = {isa = PBXBuildFile; fileRef = 2709A3C71A653F6D00925630 /* ViewController.swift */; };
		2709A3CD1A653F6D00925630 /* World.swift in Sources */ = {isa = PBXBuildFile; fileRef = 2709A3C81A653F6D00925630 /* World.swift */; };
		2709A3CE1A653F6D00925630 /* WorldSquare.swift in Sources */ = {isa = PBXBuildFile; fileRef = 2709A3C91A653F6D00925630 /* WorldSquare.swift */; };
		2709A3D11A65400C00925630 /* Main.storyboard in Resources */ = {isa = PBXBuildFile; fileRef = 2709A3CF1A65400C00925630 /* Main.storyboard */; };
/* End PBXBuildFile section */

/* Begin PBXFileReference section */
		2709A3A01A653F4200925630 /* SwiftSnake.app */ = {isa = PBXFileReference; explicitFileType = wrapper.application; includeInIndex = 0; path = SwiftSnake.app; sourceTree = BUILT_PRODUCTS_DIR; };
		2709A3A41A653F4200925630 /* Info.plist */ = {isa = PBXFileReference; lastKnownFileType = text.plist.xml; path = Info.plist; sourceTree = "<group>"; };
		2709A3A51A653F4200925630 /* AppDelegate.swift */ = {isa = PBXFileReference; lastKnownFileType = sourcecode.swift; path = AppDelegate.swift; sourceTree = "<group>"; };
		2709A3AC1A653F4200925630 /* Images.xcassets */ = {isa = PBXFileReference; lastKnownFileType = folder.assetcatalog; path = Images.xcassets; sourceTree = "<group>"; };
		2709A3AF1A653F4200925630 /* Base */ = {isa = PBXFileReference; lastKnownFileType = file.xib; name = Base; path = Base.lproj/LaunchScreen.xib; sourceTree = "<group>"; };
		2709A3C51A653F6D00925630 /* Apple.swift */ = {isa = PBXFileReference; fileEncoding = 4; lastKnownFileType = sourcecode.swift; path = Apple.swift; sourceTree = "<group>"; };
		2709A3C61A653F6D00925630 /* Snake.swift */ = {isa = PBXFileReference; fileEncoding = 4; lastKnownFileType = sourcecode.swift; path = Snake.swift; sourceTree = "<group>"; };
		2709A3C71A653F6D00925630 /* ViewController.swift */ = {isa = PBXFileReference; fileEncoding = 4; lastKnownFileType = sourcecode.swift; path = ViewController.swift; sourceTree = "<group>"; };
		2709A3C81A653F6D00925630 /* World.swift */ = {isa = PBXFileReference; fileEncoding = 4; lastKnownFileType = sourcecode.swift; path = World.swift; sourceTree = "<group>"; };
		2709A3C91A653F6D00925630 /* WorldSquare.swift */ = {isa = PBXFileReference; fileEncoding = 4; lastKnownFileType = sourcecode.swift; path = WorldSquare.swift; sourceTree = "<group>"; };
		2709A3D01A65400C00925630 /* Base */ = {isa = PBXFileReference; lastKnownFileType = file.storyboard; name = Base; path = Base.lproj/Main.storyboard; sourceTree = "<group>"; };
/* End PBXFileReference section */

/* Begin PBXFrameworksBuildPhase section */
		2709A39D1A653F4200925630 /* Frameworks */ = {
			isa = PBXFrameworksBuildPhase;
			buildActionMask = 2147483647;
			files = (
			);
			runOnlyForDeploymentPostprocessing = 0;
		};
/* End PBXFrameworksBuildPhase section */

/* Begin PBXGroup section */
		2709A3971A653F4200925630 = {
			isa = PBXGroup;
			children = (
				2709A3A21A653F4200925630 /* SwiftSnake */,
				2709A3A11A653F4200925630 /* Products */,
			);
			sourceTree = "<group>";
		};
		2709A3A11A653F4200925630 /* Products */ = {
			isa = PBXGroup;
			children = (
				2709A3A01A653F4200925630 /* SwiftSnake.app */,
			);
			name = Products;
			sourceTree = "<group>";
		};
		2709A3A21A653F4200925630 /* SwiftSnake */ = {
			isa = PBXGroup;
			children = (
				2709A3C51A653F6D00925630 /* Apple.swift */,
				2709A3C61A653F6D00925630 /* Snake.swift */,
				2709A3C71A653F6D00925630 /* ViewController.swift */,
				2709A3C81A653F6D00925630 /* World.swift */,
				2709A3C91A653F6D00925630 /* WorldSquare.swift */,
				2709A3A51A653F4200925630 /* AppDelegate.swift */,
				2709A3CF1A65400C00925630 /* Main.storyboard */,
				2709A3AC1A653F4200925630 /* Images.xcassets */,
				2709A3AE1A653F4200925630 /* LaunchScreen.xib */,
				2709A3A31A653F4200925630 /* Supporting Files */,
			);
			path = SwiftSnake;
			sourceTree = "<group>";
		};
		2709A3A31A653F4200925630 /* Supporting Files */ = {
			isa = PBXGroup;
			children = (
				2709A3A41A653F4200925630 /* Info.plist */,
			);
			name = "Supporting Files";
			sourceTree = "<group>";
		};
/* End PBXGroup section */

/* Begin PBXNativeTarget section */
		2709A39F1A653F4200925630 /* SwiftSnake */ = {
			isa = PBXNativeTarget;
			buildConfigurationList = 2709A3BF1A653F4200925630 /* Build configuration list for PBXNativeTarget "SwiftSnake" */;
			buildPhases = (
				2709A39C1A653F4200925630 /* Sources */,
				2709A39D1A653F4200925630 /* Frameworks */,
				2709A39E1A653F4200925630 /* Resources */,
			);
			buildRules = (
			);
			dependencies = (
			);
			name = SwiftSnake;
			productName = SwiftSnake;
			productReference = 2709A3A01A653F4200925630 /* SwiftSnake.app */;
			productType = "com.apple.product-type.application";
		};
/* End PBXNativeTarget section */

/* Begin PBXProject section */
		2709A3981A653F4200925630 /* Project object */ = {
			isa = PBXProject;
			attributes = {
				LastUpgradeCheck = 0610;
				ORGANIZATIONNAME = chriscombs;
				TargetAttributes = {
					2709A39F1A653F4200925630 = {
						CreatedOnToolsVersion = 6.1.1;
					};
				};
			};
			buildConfigurationList = 2709A39B1A653F4200925630 /* Build configuration list for PBXProject "SwiftSnake" */;
			compatibilityVersion = "Xcode 3.2";
			developmentRegion = English;
			hasScannedForEncodings = 0;
			knownRegions = (
				en,
				Base,
			);
			mainGroup = 2709A3971A653F4200925630;
			productRefGroup = 2709A3A11A653F4200925630 /* Products */;
			projectDirPath = "";
			projectRoot = "";
			targets = (
				2709A39F1A653F4200925630 /* SwiftSnake */,
			);
		};
/* End PBXProject section */

/* Begin PBXResourcesBuildPhase section */
		2709A39E1A653F4200925630 /* Resources */ = {
			isa = PBXResourcesBuildPhase;
			buildActionMask = 2147483647;
			files = (
				2709A3D11A65400C00925630 /* Main.storyboard in Resources */,
				2709A3B01A653F4200925630 /* LaunchScreen.xib in Resources */,
				2709A3AD1A653F4200925630 /* Images.xcassets in Resources */,
			);
			runOnlyForDeploymentPostprocessing = 0;
		};
/* End PBXResourcesBuildPhase section */

/* Begin PBXSourcesBuildPhase section */
		2709A39C1A653F4200925630 /* Sources */ = {
			isa = PBXSourcesBuildPhase;
			buildActionMask = 2147483647;
			files = (
				2709A3CA1A653F6D00925630 /* Apple.swift in Sources */,
				2709A3A61A653F4200925630 /* AppDelegate.swift in Sources */,
				2709A3CC1A653F6D00925630 /* ViewController.swift in Sources */,
				2709A3CB1A653F6D00925630 /* Snake.swift in Sources */,
				2709A3CD1A653F6D00925630 /* World.swift in Sources */,
				2709A3CE1A653F6D00925630 /* WorldSquare.swift in Sources */,
			);
			runOnlyForDeploymentPostprocessing = 0;
		};
/* End PBXSourcesBuildPhase section */

/* Begin PBXVariantGroup section */
		2709A3AE1A653F4200925630 /* LaunchScreen.xib */ = {
			isa = PBXVariantGroup;
			children = (
				2709A3AF1A653F4200925630 /* Base */,
			);
			name = LaunchScreen.xib;
			sourceTree = "<group>";
		};
		2709A3CF1A65400C00925630 /* Main.storyboard */ = {
			isa = PBXVariantGroup;
			children = (
				2709A3D01A65400C00925630 /* Base */,
			);
			name = Main.storyboard;
			sourceTree = "<group>";
		};
/* End PBXVariantGroup section */

/* Begin XCBuildConfiguration section */
		2709A3BD1A653F4200925630 /* Debug */ = {
			isa = XCBuildConfiguration;
			buildSettings = {
				ALWAYS_SEARCH_USER_PATHS = NO;
				CLANG_CXX_LANGUAGE_STANDARD = "gnu++0x";
				CLANG_CXX_LIBRARY = "libc++";
				CLANG_ENABLE_MODULES = YES;
				CLANG_ENABLE_OBJC_ARC = YES;
				CLANG_WARN_BOOL_CONVERSION = YES;
				CLANG_WARN_CONSTANT_CONVERSION = YES;
				CLANG_WARN_DIRECT_OBJC_ISA_USAGE = YES_ERROR;
				CLANG_WARN_EMPTY_BODY = YES;
				CLANG_WARN_ENUM_CONVERSION = YES;
				CLANG_WARN_INT_CONVERSION = YES;
				CLANG_WARN_OBJC_ROOT_CLASS = YES_ERROR;
				CLANG_WARN_UNREACHABLE_CODE = YES;
				CLANG_WARN__DUPLICATE_METHOD_MATCH = YES;
				"CODE_SIGN_IDENTITY[sdk=iphoneos*]" = "iPhone Developer";
				COPY_PHASE_STRIP = NO;
				ENABLE_STRICT_OBJC_MSGSEND = YES;
				GCC_C_LANGUAGE_STANDARD = gnu99;
				GCC_DYNAMIC_NO_PIC = NO;
				GCC_OPTIMIZATION_LEVEL = 0;
				GCC_PREPROCESSOR_DEFINITIONS = (
					"DEBUG=1",
					"$(inherited)",
				);
				GCC_SYMBOLS_PRIVATE_EXTERN = NO;
				GCC_WARN_64_TO_32_BIT_CONVERSION = YES;
				GCC_WARN_ABOUT_RETURN_TYPE = YES_ERROR;
				GCC_WARN_UNDECLARED_SELECTOR = YES;
				GCC_WARN_UNINITIALIZED_AUTOS = YES_AGGRESSIVE;
				GCC_WARN_UNUSED_FUNCTION = YES;
				GCC_WARN_UNUSED_VARIABLE = YES;
				IPHONEOS_DEPLOYMENT_TARGET = 8.1;
				MTL_ENABLE_DEBUG_INFO = YES;
				ONLY_ACTIVE_ARCH = YES;
				SDKROOT = iphoneos;
				SWIFT_OPTIMIZATION_LEVEL = "-Onone";
			};
			name = Debug;
		};
		2709A3BE1A653F4200925630 /* Release */ = {
			isa = XCBuildConfiguration;
			buildSettings = {
				ALWAYS_SEARCH_USER_PATHS = NO;
				CLANG_CXX_LANGUAGE_STANDARD = "gnu++0x";
				CLANG_CXX_LIBRARY = "libc++";
				CLANG_ENABLE_MODULES = YES;
				CLANG_ENABLE_OBJC_ARC = YES;
				CLANG_WARN_BOOL_CONVERSION = YES;
				CLANG_WARN_CONSTANT_CONVERSION = YES;
				CLANG_WARN_DIRECT_OBJC_ISA_USAGE = YES_ERROR;
				CLANG_WARN_EMPTY_BODY = YES;
				CLANG_WARN_ENUM_CONVERSION = YES;
				CLANG_WARN_INT_CONVERSION = YES;
				CLANG_WARN_OBJC_ROOT_CLASS = YES_ERROR;
				CLANG_WARN_UNREACHABLE_CODE = YES;
				CLANG_WARN__DUPLICATE_METHOD_MATCH = YES;
				"CODE_SIGN_IDENTITY[sdk=iphoneos*]" = "iPhone Developer";
				COPY_PHASE_STRIP = YES;
				ENABLE_NS_ASSERTIONS = NO;
				ENABLE_STRICT_OBJC_MSGSEND = YES;
				GCC_C_LANGUAGE_STANDARD = gnu99;
				GCC_WARN_64_TO_32_BIT_CONVERSION = YES;
				GCC_WARN_ABOUT_RETURN_TYPE = YES_ERROR;
				GCC_WARN_UNDECLARED_SELECTOR = YES;
				GCC_WARN_UNINITIALIZED_AUTOS = YES_AGGRESSIVE;
				GCC_WARN_UNUSED_FUNCTION = YES;
				GCC_WARN_UNUSED_VARIABLE = YES;
				IPHONEOS_DEPLOYMENT_TARGET = 8.1;
				MTL_ENABLE_DEBUG_INFO = NO;
				SDKROOT = iphoneos;
				VALIDATE_PRODUCT = YES;
			};
			name = Release;
		};
		2709A3C01A653F4200925630 /* Debug */ = {
			isa = XCBuildConfiguration;
			buildSettings = {
				ASSETCATALOG_COMPILER_APPICON_NAME = AppIcon;
				INFOPLIST_FILE = SwiftSnake/Info.plist;
				LD_RUNPATH_SEARCH_PATHS = "$(inherited) @executable_path/Frameworks";
				PRODUCT_NAME = "$(TARGET_NAME)";
			};
			name = Debug;
		};
		2709A3C11A653F4200925630 /* Release */ = {
			isa = XCBuildConfiguration;
			buildSettings = {
				ASSETCATALOG_COMPILER_APPICON_NAME = AppIcon;
				INFOPLIST_FILE = SwiftSnake/Info.plist;
				LD_RUNPATH_SEARCH_PATHS = "$(inherited) @executable_path/Frameworks";
				PRODUCT_NAME = "$(TARGET_NAME)";
			};
			name = Release;
		};
/* End XCBuildConfiguration section */

/* Begin XCConfigurationList section */
		2709A39B1A653F4200925630 /* Build configuration list for PBXProject "SwiftSnake" */ = {
			isa = XCConfigurationList;
			buildConfigurations = (
				2709A3BD1A653F4200925630 /* Debug */,
				2709A3BE1A653F4200925630 /* Release */,
			);
			defaultConfigurationIsVisible = 0;
			defaultConfigurationName = Release;
		};
		2709A3BF1A653F4200925630 /* Build configuration list for PBXNativeTarget "SwiftSnake" */ = {
			isa = XCConfigurationList;
			buildConfigurations = (
				2709A3C01A653F4200925630 /* Debug */,
				2709A3C11A653F4200925630 /* Release */,
			);
			defaultConfigurationIsVisible = 0;
			defaultConfigurationName = Release;
		};
/* End XCConfigurationList section */
	};
	rootObject = 2709A3981A653F4200925630 /* Project object */;
}
